
Microsoft Visual Studio Solution File, Format Version 12.00
# Visual Studio Version 17
VisualStudioVersion = 17.14.36429.23 d17.14
MinimumVisualStudioVersion = 10.0.40219.1
Project("{888888A0-9F3D-457C-B088-3A5042F75D52}") = "hospital uml", "hospital uml\hospital uml.pyproj", "{4231C598-CF53-4F25-8AD9-C149D0B46044}"
EndProject
Global
	GlobalSection(SolutionConfigurationPlatforms) = preSolution
		Debug|Any CPU = Debug|Any CPU
		Release|Any CPU = Release|Any CPU
	EndGlobalSection
	GlobalSection(ProjectConfigurationPlatforms) = postSolution
		{4231C598-CF53-4F25-8AD9-C149D0B46044}.Debug|Any CPU.ActiveCfg = Debug|Any CPU
		{4231C598-CF53-4F25-8AD9-C149D0B46044}.Release|Any CPU.ActiveCfg = Release|Any CPU
	EndGlobalSection
	GlobalSection(SolutionProperties) = preSolution
		HideSolutionNode = FALSE
	EndGlobalSection
	GlobalSection(ExtensibilityGlobals) = postSolution
		SolutionGuid = {494B0671-74CC-4808-B9F1-065716CB1B39}
	EndGlobalSection
EndGlobal
